// !$*UTF8*$!
{
	archiveVersion = 1;
	classes = {
	};
	objectVersion = 50;
	objects = {

/* Begin PBXBuildFile section */
		B40B8CC325E69F3400D49EBE /* AbsenceRecorderApp.swift in Sources */ = {isa = PBXBuildFile; fileRef = B40B8CC225E69F3400D49EBE /* AbsenceRecorderApp.swift */; };
		B40B8CC525E69F3400D49EBE /* DivisionsView.swift in Sources */ = {isa = PBXBuildFile; fileRef = B40B8CC425E69F3400D49EBE /* DivisionsView.swift */; };
		B40B8CC725E69F3700D49EBE /* Assets.xcassets in Resources */ = {isa = PBXBuildFile; fileRef = B40B8CC625E69F3700D49EBE /* Assets.xcassets */; };
		B40B8CCA25E69F3700D49EBE /* Preview Assets.xcassets in Resources */ = {isa = PBXBuildFile; fileRef = B40B8CC925E69F3700D49EBE /* Preview Assets.xcassets */; };
		B40B8CD525E69F3800D49EBE /* AbsenceRecorderTests.swift in Sources */ = {isa = PBXBuildFile; fileRef = B40B8CD425E69F3800D49EBE /* AbsenceRecorderTests.swift */; };
		B40B8CE025E69F3800D49EBE /* AbsenceRecorderUITests.swift in Sources */ = {isa = PBXBuildFile; fileRef = B40B8CDF25E69F3800D49EBE /* AbsenceRecorderUITests.swift */; };
		B40B8CF925E6A26A00D49EBE /* Student.swift in Sources */ = {isa = PBXBuildFile; fileRef = B40B8CF825E6A26A00D49EBE /* Student.swift */; };
		B40B8CFE25E6A2BD00D49EBE /* Division.swift in Sources */ = {isa = PBXBuildFile; fileRef = B40B8CFD25E6A2BD00D49EBE /* Division.swift */; };
		B40B8D0425E6AA2400D49EBE /* Date.swift in Sources */ = {isa = PBXBuildFile; fileRef = B40B8D0325E6AA2400D49EBE /* Date.swift */; };
		B40B8D0C25E6AF8B00D49EBE /* DivisionItem.swift in Sources */ = {isa = PBXBuildFile; fileRef = B40B8D0B25E6AF8B00D49EBE /* DivisionItem.swift */; };
		B40B8D2025E7EE8800D49EBE /* AbsenceView.swift in Sources */ = {isa = PBXBuildFile; fileRef = B40B8D1F25E7EE8800D49EBE /* AbsenceView.swift */; };
		B40B8D2525E7EF6F00D49EBE /* RootTabView.swift in Sources */ = {isa = PBXBuildFile; fileRef = B40B8D2425E7EF6F00D49EBE /* RootTabView.swift */; };
		B40B8D2D25E7F09600D49EBE /* StatisticsView.swift in Sources */ = {isa = PBXBuildFile; fileRef = B40B8D2C25E7F09600D49EBE /* StatisticsView.swift */; };
		B40B8D3225E7F18000D49EBE /* StateController.swift in Sources */ = {isa = PBXBuildFile; fileRef = B40B8D3125E7F18000D49EBE /* StateController.swift */; };
		B46E1EB925F7BE00008E90A6 /* AbsenceItem.swift in Sources */ = {isa = PBXBuildFile; fileRef = B46E1EB825F7BE00008E90A6 /* AbsenceItem.swift */; };
		B46E1EBE25F7C431008E90A6 /* StudentAbsence.swift in Sources */ = {isa = PBXBuildFile; fileRef = B46E1EBD25F7C431008E90A6 /* StudentAbsence.swift */; };
		B46E1EC325F7C655008E90A6 /* Absence.swift in Sources */ = {isa = PBXBuildFile; fileRef = B46E1EC225F7C655008E90A6 /* Absence.swift */; };
/* End PBXBuildFile section */

/* Begin PBXContainerItemProxy section */
		B40B8CD125E69F3800D49EBE /* PBXContainerItemProxy */ = {
			isa = PBXContainerItemProxy;
			containerPortal = B40B8CB725E69F3400D49EBE /* Project object */;
			proxyType = 1;
			remoteGlobalIDString = B40B8CBE25E69F3400D49EBE;
			remoteInfo = AbsenceRecorder;
		};
		B40B8CDC25E69F3800D49EBE /* PBXContainerItemProxy */ = {
			isa = PBXContainerItemProxy;
			containerPortal = B40B8CB725E69F3400D49EBE /* Project object */;
			proxyType = 1;
			remoteGlobalIDString = B40B8CBE25E69F3400D49EBE;
			remoteInfo = AbsenceRecorder;
		};
/* End PBXContainerItemProxy section */

/* Begin PBXFileReference section */
		B40B8CBF25E69F3400D49EBE /* AbsenceRecorder.app */ = {isa = PBXFileReference; explicitFileType = wrapper.application; includeInIndex = 0; path = AbsenceRecorder.app; sourceTree = BUILT_PRODUCTS_DIR; };
		B40B8CC225E69F3400D49EBE /* AbsenceRecorderApp.swift */ = {isa = PBXFileReference; lastKnownFileType = sourcecode.swift; path = AbsenceRecorderApp.swift; sourceTree = "<group>"; };
		B40B8CC425E69F3400D49EBE /* DivisionsView.swift */ = {isa = PBXFileReference; lastKnownFileType = sourcecode.swift; path = DivisionsView.swift; sourceTree = "<group>"; };
		B40B8CC625E69F3700D49EBE /* Assets.xcassets */ = {isa = PBXFileReference; lastKnownFileType = folder.assetcatalog; path = Assets.xcassets; sourceTree = "<group>"; };
		B40B8CC925E69F3700D49EBE /* Preview Assets.xcassets */ = {isa = PBXFileReference; lastKnownFileType = folder.assetcatalog; path = "Preview Assets.xcassets"; sourceTree = "<group>"; };
		B40B8CCB25E69F3700D49EBE /* Info.plist */ = {isa = PBXFileReference; lastKnownFileType = text.plist.xml; path = Info.plist; sourceTree = "<group>"; };
		B40B8CD025E69F3800D49EBE /* AbsenceRecorderTests.xctest */ = {isa = PBXFileReference; explicitFileType = wrapper.cfbundle; includeInIndex = 0; path = AbsenceRecorderTests.xctest; sourceTree = BUILT_PRODUCTS_DIR; };
		B40B8CD425E69F3800D49EBE /* AbsenceRecorderTests.swift */ = {isa = PBXFileReference; lastKnownFileType = sourcecode.swift; path = AbsenceRecorderTests.swift; sourceTree = "<group>"; };
		B40B8CD625E69F3800D49EBE /* Info.plist */ = {isa = PBXFileReference; lastKnownFileType = text.plist.xml; path = Info.plist; sourceTree = "<group>"; };
		B40B8CDB25E69F3800D49EBE /* AbsenceRecorderUITests.xctest */ = {isa = PBXFileReference; explicitFileType = wrapper.cfbundle; includeInIndex = 0; path = AbsenceRecorderUITests.xctest; sourceTree = BUILT_PRODUCTS_DIR; };
		B40B8CDF25E69F3800D49EBE /* AbsenceRecorderUITests.swift */ = {isa = PBXFileReference; lastKnownFileType = sourcecode.swift; path = AbsenceRecorderUITests.swift; sourceTree = "<group>"; };
		B40B8CE125E69F3800D49EBE /* Info.plist */ = {isa = PBXFileReference; lastKnownFileType = text.plist.xml; path = Info.plist; sourceTree = "<group>"; };
		B40B8CF825E6A26A00D49EBE /* Student.swift */ = {isa = PBXFileReference; lastKnownFileType = sourcecode.swift; path = Student.swift; sourceTree = "<group>"; };
		B40B8CFD25E6A2BD00D49EBE /* Division.swift */ = {isa = PBXFileReference; lastKnownFileType = sourcecode.swift; path = Division.swift; sourceTree = "<group>"; };
		B40B8D0325E6AA2400D49EBE /* Date.swift */ = {isa = PBXFileReference; lastKnownFileType = sourcecode.swift; path = Date.swift; sourceTree = "<group>"; };
		B40B8D0B25E6AF8B00D49EBE /* DivisionItem.swift */ = {isa = PBXFileReference; lastKnownFileType = sourcecode.swift; path = DivisionItem.swift; sourceTree = "<group>"; };
		B40B8D1F25E7EE8800D49EBE /* AbsenceView.swift */ = {isa = PBXFileReference; lastKnownFileType = sourcecode.swift; path = AbsenceView.swift; sourceTree = "<group>"; };
		B40B8D2425E7EF6F00D49EBE /* RootTabView.swift */ = {isa = PBXFileReference; lastKnownFileType = sourcecode.swift; path = RootTabView.swift; sourceTree = "<group>"; };
		B40B8D2C25E7F09600D49EBE /* StatisticsView.swift */ = {isa = PBXFileReference; lastKnownFileType = sourcecode.swift; path = StatisticsView.swift; sourceTree = "<group>"; };
		B40B8D3125E7F18000D49EBE /* StateController.swift */ = {isa = PBXFileReference; lastKnownFileType = sourcecode.swift; path = StateController.swift; sourceTree = "<group>"; };
		B46E1EB825F7BE00008E90A6 /* AbsenceItem.swift */ = {isa = PBXFileReference; lastKnownFileType = sourcecode.swift; path = AbsenceItem.swift; sourceTree = "<group>"; };
		B46E1EBD25F7C431008E90A6 /* StudentAbsence.swift */ = {isa = PBXFileReference; lastKnownFileType = sourcecode.swift; path = StudentAbsence.swift; sourceTree = "<group>"; };
		B46E1EC225F7C655008E90A6 /* Absence.swift */ = {isa = PBXFileReference; lastKnownFileType = sourcecode.swift; path = Absence.swift; sourceTree = "<group>"; };
/* End PBXFileReference section */

/* Begin PBXFrameworksBuildPhase section */
		B40B8CBC25E69F3400D49EBE /* Frameworks */ = {
			isa = PBXFrameworksBuildPhase;
			buildActionMask = 2147483647;
			files = (
			);
			runOnlyForDeploymentPostprocessing = 0;
		};
		B40B8CCD25E69F3800D49EBE /* Frameworks */ = {
			isa = PBXFrameworksBuildPhase;
			buildActionMask = 2147483647;
			files = (
			);
			runOnlyForDeploymentPostprocessing = 0;
		};
		B40B8CD825E69F3800D49EBE /* Frameworks */ = {
			isa = PBXFrameworksBuildPhase;
			buildActionMask = 2147483647;
			files = (
			);
			runOnlyForDeploymentPostprocessing = 0;
		};
/* End PBXFrameworksBuildPhase section */

/* Begin PBXGroup section */
		B40B8CB625E69F3400D49EBE = {
			isa = PBXGroup;
			children = (
				B40B8CC125E69F3400D49EBE /* AbsenceRecorder */,
				B40B8CD325E69F3800D49EBE /* AbsenceRecorderTests */,
				B40B8CDE25E69F3800D49EBE /* AbsenceRecorderUITests */,
				B40B8CC025E69F3400D49EBE /* Products */,
			);
			sourceTree = "<group>";
		};
		B40B8CC025E69F3400D49EBE /* Products */ = {
			isa = PBXGroup;
			children = (
				B40B8CBF25E69F3400D49EBE /* AbsenceRecorder.app */,
				B40B8CD025E69F3800D49EBE /* AbsenceRecorderTests.xctest */,
				B40B8CDB25E69F3800D49EBE /* AbsenceRecorderUITests.xctest */,
			);
			name = Products;
			sourceTree = "<group>";
		};
		B40B8CC125E69F3400D49EBE /* AbsenceRecorder */ = {
			isa = PBXGroup;
			children = (
				B40B8D0225E6AA1300D49EBE /* Extensions */,
				B40B8CF125E6A15D00D49EBE /* View */,
				B40B8CF025E6A15600D49EBE /* Model */,
				B40B8CC225E69F3400D49EBE /* AbsenceRecorderApp.swift */,
				B40B8CC625E69F3700D49EBE /* Assets.xcassets */,
				B40B8CCB25E69F3700D49EBE /* Info.plist */,
				B40B8CC825E69F3700D49EBE /* Preview Content */,
				B40B8D3125E7F18000D49EBE /* StateController.swift */,
			);
			path = AbsenceRecorder;
			sourceTree = "<group>";
		};
		B40B8CC825E69F3700D49EBE /* Preview Content */ = {
			isa = PBXGroup;
			children = (
				B40B8CC925E69F3700D49EBE /* Preview Assets.xcassets */,
			);
			path = "Preview Content";
			sourceTree = "<group>";
		};
		B40B8CD325E69F3800D49EBE /* AbsenceRecorderTests */ = {
			isa = PBXGroup;
			children = (
				B40B8CD425E69F3800D49EBE /* AbsenceRecorderTests.swift */,
				B40B8CD625E69F3800D49EBE /* Info.plist */,
			);
			path = AbsenceRecorderTests;
			sourceTree = "<group>";
		};
		B40B8CDE25E69F3800D49EBE /* AbsenceRecorderUITests */ = {
			isa = PBXGroup;
			children = (
				B40B8CDF25E69F3800D49EBE /* AbsenceRecorderUITests.swift */,
				B40B8CE125E69F3800D49EBE /* Info.plist */,
			);
			path = AbsenceRecorderUITests;
			sourceTree = "<group>";
		};
		B40B8CF025E6A15600D49EBE /* Model */ = {
			isa = PBXGroup;
			children = (
				B40B8CF825E6A26A00D49EBE /* Student.swift */,
				B40B8CFD25E6A2BD00D49EBE /* Division.swift */,
				B46E1EBD25F7C431008E90A6 /* StudentAbsence.swift */,
				B46E1EC225F7C655008E90A6 /* Absence.swift */,
			);
			path = Model;
			sourceTree = "<group>";
		};
		B40B8CF125E6A15D00D49EBE /* View */ = {
			isa = PBXGroup;
			children = (
				B40B8CC425E69F3400D49EBE /* DivisionsView.swift */,
				B40B8D0B25E6AF8B00D49EBE /* DivisionItem.swift */,
				B40B8D1F25E7EE8800D49EBE /* AbsenceView.swift */,
				B40B8D2425E7EF6F00D49EBE /* RootTabView.swift */,
				B40B8D2C25E7F09600D49EBE /* StatisticsView.swift */,
				B46E1EB825F7BE00008E90A6 /* AbsenceItem.swift */,
			);
			path = View;
			sourceTree = "<group>";
		};
		B40B8D0225E6AA1300D49EBE /* Extensions */ = {
			isa = PBXGroup;
			children = (
				B40B8D0325E6AA2400D49EBE /* Date.swift */,
			);
			path = Extensions;
			sourceTree = "<group>";
		};
/* End PBXGroup section */

/* Begin PBXNativeTarget section */
		B40B8CBE25E69F3400D49EBE /* AbsenceRecorder */ = {
			isa = PBXNativeTarget;
			buildConfigurationList = B40B8CE425E69F3800D49EBE /* Build configuration list for PBXNativeTarget "AbsenceRecorder" */;
			buildPhases = (
				B40B8CBB25E69F3400D49EBE /* Sources */,
				B40B8CBC25E69F3400D49EBE /* Frameworks */,
				B40B8CBD25E69F3400D49EBE /* Resources */,
			);
			buildRules = (
			);
			dependencies = (
			);
			name = AbsenceRecorder;
			productName = AbsenceRecorder;
			productReference = B40B8CBF25E69F3400D49EBE /* AbsenceRecorder.app */;
			productType = "com.apple.product-type.application";
		};
		B40B8CCF25E69F3800D49EBE /* AbsenceRecorderTests */ = {
			isa = PBXNativeTarget;
			buildConfigurationList = B40B8CE725E69F3800D49EBE /* Build configuration list for PBXNativeTarget "AbsenceRecorderTests" */;
			buildPhases = (
				B40B8CCC25E69F3800D49EBE /* Sources */,
				B40B8CCD25E69F3800D49EBE /* Frameworks */,
				B40B8CCE25E69F3800D49EBE /* Resources */,
			);
			buildRules = (
			);
			dependencies = (
				B40B8CD225E69F3800D49EBE /* PBXTargetDependency */,
			);
			name = AbsenceRecorderTests;
			productName = AbsenceRecorderTests;
			productReference = B40B8CD025E69F3800D49EBE /* AbsenceRecorderTests.xctest */;
			productType = "com.apple.product-type.bundle.unit-test";
		};
		B40B8CDA25E69F3800D49EBE /* AbsenceRecorderUITests */ = {
			isa = PBXNativeTarget;
			buildConfigurationList = B40B8CEA25E69F3800D49EBE /* Build configuration list for PBXNativeTarget "AbsenceRecorderUITests" */;
			buildPhases = (
				B40B8CD725E69F3800D49EBE /* Sources */,
				B40B8CD825E69F3800D49EBE /* Frameworks */,
				B40B8CD925E69F3800D49EBE /* Resources */,
			);
			buildRules = (
			);
			dependencies = (
				B40B8CDD25E69F3800D49EBE /* PBXTargetDependency */,
			);
			name = AbsenceRecorderUITests;
			productName = AbsenceRecorderUITests;
			productReference = B40B8CDB25E69F3800D49EBE /* AbsenceRecorderUITests.xctest */;
			productType = "com.apple.product-type.bundle.ui-testing";
		};
/* End PBXNativeTarget section */

/* Begin PBXProject section */
		B40B8CB725E69F3400D49EBE /* Project object */ = {
			isa = PBXProject;
			attributes = {
				LastSwiftUpdateCheck = 1240;
				LastUpgradeCheck = 1240;
				TargetAttributes = {
					B40B8CBE25E69F3400D49EBE = {
						CreatedOnToolsVersion = 12.4;
					};
					B40B8CCF25E69F3800D49EBE = {
						CreatedOnToolsVersion = 12.4;
						TestTargetID = B40B8CBE25E69F3400D49EBE;
					};
					B40B8CDA25E69F3800D49EBE = {
						CreatedOnToolsVersion = 12.4;
						TestTargetID = B40B8CBE25E69F3400D49EBE;
					};
				};
			};
			buildConfigurationList = B40B8CBA25E69F3400D49EBE /* Build configuration list for PBXProject "AbsenceRecorder" */;
			compatibilityVersion = "Xcode 9.3";
			developmentRegion = en;
			hasScannedForEncodings = 0;
			knownRegions = (
				en,
				Base,
			);
			mainGroup = B40B8CB625E69F3400D49EBE;
			productRefGroup = B40B8CC025E69F3400D49EBE /* Products */;
			projectDirPath = "";
			projectRoot = "";
			targets = (
				B40B8CBE25E69F3400D49EBE /* AbsenceRecorder */,
				B40B8CCF25E69F3800D49EBE /* AbsenceRecorderTests */,
				B40B8CDA25E69F3800D49EBE /* AbsenceRecorderUITests */,
			);
		};
/* End PBXProject section */

/* Begin PBXResourcesBuildPhase section */
		B40B8CBD25E69F3400D49EBE /* Resources */ = {
			isa = PBXResourcesBuildPhase;
			buildActionMask = 2147483647;
			files = (
				B40B8CCA25E69F3700D49EBE /* Preview Assets.xcassets in Resources */,
				B40B8CC725E69F3700D49EBE /* Assets.xcassets in Resources */,
			);
			runOnlyForDeploymentPostprocessing = 0;
		};
		B40B8CCE25E69F3800D49EBE /* Resources */ = {
			isa = PBXResourcesBuildPhase;
			buildActionMask = 2147483647;
			files = (
			);
			runOnlyForDeploymentPostprocessing = 0;
		};
		B40B8CD925E69F3800D49EBE /* Resources */ = {
			isa = PBXResourcesBuildPhase;
			buildActionMask = 2147483647;
			files = (
			);
			runOnlyForDeploymentPostprocessing = 0;
		};
/* End PBXResourcesBuildPhase section */

/* Begin PBXSourcesBuildPhase section */
		B40B8CBB25E69F3400D49EBE /* Sources */ = {
			isa = PBXSourcesBuildPhase;
			buildActionMask = 2147483647;
			files = (
				B40B8CC525E69F3400D49EBE /* DivisionsView.swift in Sources */,
				B40B8D0425E6AA2400D49EBE /* Date.swift in Sources */,
				B40B8D2525E7EF6F00D49EBE /* RootTabView.swift in Sources */,
				B46E1EBE25F7C431008E90A6 /* StudentAbsence.swift in Sources */,
				B40B8CF925E6A26A00D49EBE /* Student.swift in Sources */,
				B46E1EB925F7BE00008E90A6 /* AbsenceItem.swift in Sources */,
				B40B8D2D25E7F09600D49EBE /* StatisticsView.swift in Sources */,
				B40B8CFE25E6A2BD00D49EBE /* Division.swift in Sources */,
				B40B8CC325E69F3400D49EBE /* AbsenceRecorderApp.swift in Sources */,
				B40B8D0C25E6AF8B00D49EBE /* DivisionItem.swift in Sources */,
				B40B8D2025E7EE8800D49EBE /* AbsenceView.swift in Sources */,
				B46E1EC325F7C655008E90A6 /* Absence.swift in Sources */,
				B40B8D3225E7F18000D49EBE /* StateController.swift in Sources */,
			);
			runOnlyForDeploymentPostprocessing = 0;
		};
		B40B8CCC25E69F3800D49EBE /* Sources */ = {
			isa = PBXSourcesBuildPhase;
			buildActionMask = 2147483647;
			files = (
				B40B8CD525E69F3800D49EBE /* AbsenceRecorderTests.swift in Sources */,
			);
			runOnlyForDeploymentPostprocessing = 0;
		};
		B40B8CD725E69F3800D49EBE /* Sources */ = {
			isa = PBXSourcesBuildPhase;
			buildActionMask = 2147483647;
			files = (
				B40B8CE025E69F3800D49EBE /* AbsenceRecorderUITests.swift in Sources */,
			);
			runOnlyForDeploymentPostprocessing = 0;
		};
/* End PBXSourcesBuildPhase section */

/* Begin PBXTargetDependency section */
		B40B8CD225E69F3800D49EBE /* PBXTargetDependency */ = {
			isa = PBXTargetDependency;
			target = B40B8CBE25E69F3400D49EBE /* AbsenceRecorder */;
			targetProxy = B40B8CD125E69F3800D49EBE /* PBXContainerItemProxy */;
		};
		B40B8CDD25E69F3800D49EBE /* PBXTargetDependency */ = {
			isa = PBXTargetDependency;
			target = B40B8CBE25E69F3400D49EBE /* AbsenceRecorder */;
			targetProxy = B40B8CDC25E69F3800D49EBE /* PBXContainerItemProxy */;
		};
/* End PBXTargetDependency section */

/* Begin XCBuildConfiguration section */
		B40B8CE225E69F3800D49EBE /* Debug */ = {
			isa = XCBuildConfiguration;
			buildSettings = {
				ALWAYS_SEARCH_USER_PATHS = NO;
				CLANG_ANALYZER_NONNULL = YES;
				CLANG_ANALYZER_NUMBER_OBJECT_CONVERSION = YES_AGGRESSIVE;
				CLANG_CXX_LANGUAGE_STANDARD = "gnu++14";
				CLANG_CXX_LIBRARY = "libc++";
				CLANG_ENABLE_MODULES = YES;
				CLANG_ENABLE_OBJC_ARC = YES;
				CLANG_ENABLE_OBJC_WEAK = YES;
				CLANG_WARN_BLOCK_CAPTURE_AUTORELEASING = YES;
				CLANG_WARN_BOOL_CONVERSION = YES;
				CLANG_WARN_COMMA = YES;
				CLANG_WARN_CONSTANT_CONVERSION = YES;
				CLANG_WARN_DEPRECATED_OBJC_IMPLEMENTATIONS = YES;
				CLANG_WARN_DIRECT_OBJC_ISA_USAGE = YES_ERROR;
				CLANG_WARN_DOCUMENTATION_COMMENTS = YES;
				CLANG_WARN_EMPTY_BODY = YES;
				CLANG_WARN_ENUM_CONVERSION = YES;
				CLANG_WARN_INFINITE_RECURSION = YES;
				CLANG_WARN_INT_CONVERSION = YES;
				CLANG_WARN_NON_LITERAL_NULL_CONVERSION = YES;
				CLANG_WARN_OBJC_IMPLICIT_RETAIN_SELF = YES;
				CLANG_WARN_OBJC_LITERAL_CONVERSION = YES;
				CLANG_WARN_OBJC_ROOT_CLASS = YES_ERROR;
				CLANG_WARN_QUOTED_INCLUDE_IN_FRAMEWORK_HEADER = YES;
				CLANG_WARN_RANGE_LOOP_ANALYSIS = YES;
				CLANG_WARN_STRICT_PROTOTYPES = YES;
				CLANG_WARN_SUSPICIOUS_MOVE = YES;
				CLANG_WARN_UNGUARDED_AVAILABILITY = YES_AGGRESSIVE;
				CLANG_WARN_UNREACHABLE_CODE = YES;
				CLANG_WARN__DUPLICATE_METHOD_MATCH = YES;
				COPY_PHASE_STRIP = NO;
				DEBUG_INFORMATION_FORMAT = dwarf;
				ENABLE_STRICT_OBJC_MSGSEND = YES;
				ENABLE_TESTABILITY = YES;
				GCC_C_LANGUAGE_STANDARD = gnu11;
				GCC_DYNAMIC_NO_PIC = NO;
				GCC_NO_COMMON_BLOCKS = YES;
				GCC_OPTIMIZATION_LEVEL = 0;
				GCC_PREPROCESSOR_DEFINITIONS = (
					"DEBUG=1",
					"$(inherited)",
				);
				GCC_WARN_64_TO_32_BIT_CONVERSION = YES;
				GCC_WARN_ABOUT_RETURN_TYPE = YES_ERROR;
				GCC_WARN_UNDECLARED_SELECTOR = YES;
				GCC_WARN_UNINITIALIZED_AUTOS = YES_AGGRESSIVE;
				GCC_WARN_UNUSED_FUNCTION = YES;
				GCC_WARN_UNUSED_VARIABLE = YES;
				IPHONEOS_DEPLOYMENT_TARGET = 14.4;
				MTL_ENABLE_DEBUG_INFO = INCLUDE_SOURCE;
				MTL_FAST_MATH = YES;
				ONLY_ACTIVE_ARCH = YES;
				SDKROOT = iphoneos;
				SWIFT_ACTIVE_COMPILATION_CONDITIONS = DEBUG;
				SWIFT_OPTIMIZATION_LEVEL = "-Onone";
			};
			name = Debug;
		};
		B40B8CE325E69F3800D49EBE /* Release */ = {
			isa = XCBuildConfiguration;
			buildSettings = {
				ALWAYS_SEARCH_USER_PATHS = NO;
				CLANG_ANALYZER_NONNULL = YES;
				CLANG_ANALYZER_NUMBER_OBJECT_CONVERSION = YES_AGGRESSIVE;
				CLANG_CXX_LANGUAGE_STANDARD = "gnu++14";
				CLANG_CXX_LIBRARY = "libc++";
				CLANG_ENABLE_MODULES = YES;
				CLANG_ENABLE_OBJC_ARC = YES;
				CLANG_ENABLE_OBJC_WEAK = YES;
				CLANG_WARN_BLOCK_CAPTURE_AUTORELEASING = YES;
				CLANG_WARN_BOOL_CONVERSION = YES;
				CLANG_WARN_COMMA = YES;
				CLANG_WARN_CONSTANT_CONVERSION = YES;
				CLANG_WARN_DEPRECATED_OBJC_IMPLEMENTATIONS = YES;
				CLANG_WARN_DIRECT_OBJC_ISA_USAGE = YES_ERROR;
				CLANG_WARN_DOCUMENTATION_COMMENTS = YES;
				CLANG_WARN_EMPTY_BODY = YES;
				CLANG_WARN_ENUM_CONVERSION = YES;
				CLANG_WARN_INFINITE_RECURSION = YES;
				CLANG_WARN_INT_CONVERSION = YES;
				CLANG_WARN_NON_LITERAL_NULL_CONVERSION = YES;
				CLANG_WARN_OBJC_IMPLICIT_RETAIN_SELF = YES;
				CLANG_WARN_OBJC_LITERAL_CONVERSION = YES;
				CLANG_WARN_OBJC_ROOT_CLASS = YES_ERROR;
				CLANG_WARN_QUOTED_INCLUDE_IN_FRAMEWORK_HEADER = YES;
				CLANG_WARN_RANGE_LOOP_ANALYSIS = YES;
				CLANG_WARN_STRICT_PROTOTYPES = YES;
				CLANG_WARN_SUSPICIOUS_MOVE = YES;
				CLANG_WARN_UNGUARDED_AVAILABILITY = YES_AGGRESSIVE;
				CLANG_WARN_UNREACHABLE_CODE = YES;
				CLANG_WARN__DUPLICATE_METHOD_MATCH = YES;
				COPY_PHASE_STRIP = NO;
				DEBUG_INFORMATION_FORMAT = "dwarf-with-dsym";
				ENABLE_NS_ASSERTIONS = NO;
				ENABLE_STRICT_OBJC_MSGSEND = YES;
				GCC_C_LANGUAGE_STANDARD = gnu11;
				GCC_NO_COMMON_BLOCKS = YES;
				GCC_WARN_64_TO_32_BIT_CONVERSION = YES;
				GCC_WARN_ABOUT_RETURN_TYPE = YES_ERROR;
				GCC_WARN_UNDECLARED_SELECTOR = YES;
				GCC_WARN_UNINITIALIZED_AUTOS = YES_AGGRESSIVE;
				GCC_WARN_UNUSED_FUNCTION = YES;
				GCC_WARN_UNUSED_VARIABLE = YES;
				IPHONEOS_DEPLOYMENT_TARGET = 14.4;
				MTL_ENABLE_DEBUG_INFO = NO;
				MTL_FAST_MATH = YES;
				SDKROOT = iphoneos;
				SWIFT_COMPILATION_MODE = wholemodule;
				SWIFT_OPTIMIZATION_LEVEL = "-O";
				VALIDATE_PRODUCT = YES;
			};
			name = Release;
		};
		B40B8CE525E69F3800D49EBE /* Debug */ = {
			isa = XCBuildConfiguration;
			buildSettings = {
				ASSETCATALOG_COMPILER_APPICON_NAME = AppIcon;
				ASSETCATALOG_COMPILER_GLOBAL_ACCENT_COLOR_NAME = AccentColor;
				CODE_SIGN_STYLE = Automatic;
				DEVELOPMENT_ASSET_PATHS = "\"AbsenceRecorder/Preview Content\"";
				DEVELOPMENT_TEAM = 599QPW35GD;
				ENABLE_PREVIEWS = YES;
				INFOPLIST_FILE = AbsenceRecorder/Info.plist;
				IPHONEOS_DEPLOYMENT_TARGET = 14.0;
				LD_RUNPATH_SEARCH_PATHS = (
					"$(inherited)",
					"@executable_path/Frameworks",
				);
				PRODUCT_BUNDLE_IDENTIFIER = com.mrcormell.AbsenceRecorder;
				PRODUCT_NAME = "$(TARGET_NAME)";
				SWIFT_VERSION = 5.0;
				TARGETED_DEVICE_FAMILY = "1,2";
			};
			name = Debug;
		};
		B40B8CE625E69F3800D49EBE /* Release */ = {
			isa = XCBuildConfiguration;
			buildSettings = {
				ASSETCATALOG_COMPILER_APPICON_NAME = AppIcon;
				ASSETCATALOG_COMPILER_GLOBAL_ACCENT_COLOR_NAME = AccentColor;
				CODE_SIGN_STYLE = Automatic;
				DEVELOPMENT_ASSET_PATHS = "\"AbsenceRecorder/Preview Content\"";
				DEVELOPMENT_TEAM = 599QPW35GD;
				ENABLE_PREVIEWS = YES;
				INFOPLIST_FILE = AbsenceRecorder/Info.plist;
				IPHONEOS_DEPLOYMENT_TARGET = 14.0;
				LD_RUNPATH_SEARCH_PATHS = (
					"$(inherited)",
					"@executable_path/Frameworks",
				);
				PRODUCT_BUNDLE_IDENTIFIER = com.mrcormell.AbsenceRecorder;
				PRODUCT_NAME = "$(TARGET_NAME)";
				SWIFT_VERSION = 5.0;
				TARGETED_DEVICE_FAMILY = "1,2";
			};
			name = Release;
		};
		B40B8CE825E69F3800D49EBE /* Debug */ = {
			isa = XCBuildConfiguration;
			buildSettings = {
				ALWAYS_EMBED_SWIFT_STANDARD_LIBRARIES = YES;
				BUNDLE_LOADER = "$(TEST_HOST)";
				CODE_SIGN_STYLE = Automatic;
				DEVELOPMENT_TEAM = 599QPW35GD;
				INFOPLIST_FILE = AbsenceRecorderTests/Info.plist;
				IPHONEOS_DEPLOYMENT_TARGET = 14.0;
				LD_RUNPATH_SEARCH_PATHS = (
					"$(inherited)",
					"@executable_path/Frameworks",
					"@loader_path/Frameworks",
				);
				PRODUCT_BUNDLE_IDENTIFIER = com.mrcormell.AbsenceRecorderTests;
				PRODUCT_NAME = "$(TARGET_NAME)";
				SWIFT_VERSION = 5.0;
				TARGETED_DEVICE_FAMILY = "1,2";
				TEST_HOST = "$(BUILT_PRODUCTS_DIR)/AbsenceRecorder.app/AbsenceRecorder";
			};
			name = Debug;
		};
		B40B8CE925E69F3800D49EBE /* Release */ = {
			isa = XCBuildConfiguration;
			buildSettings = {
				ALWAYS_EMBED_SWIFT_STANDARD_LIBRARIES = YES;
				BUNDLE_LOADER = "$(TEST_HOST)";
				CODE_SIGN_STYLE = Automatic;
				DEVELOPMENT_TEAM = 599QPW35GD;
				INFOPLIST_FILE = AbsenceRecorderTests/Info.plist;
				IPHONEOS_DEPLOYMENT_TARGET = 14.0;
				LD_RUNPATH_SEARCH_PATHS = (
					"$(inherited)",
					"@executable_path/Frameworks",
					"@loader_path/Frameworks",
				);
				PRODUCT_BUNDLE_IDENTIFIER = com.mrcormell.AbsenceRecorderTests;
				PRODUCT_NAME = "$(TARGET_NAME)";
				SWIFT_VERSION = 5.0;
				TARGETED_DEVICE_FAMILY = "1,2";
				TEST_HOST = "$(BUILT_PRODUCTS_DIR)/AbsenceRecorder.app/AbsenceRecorder";
			};
			name = Release;
		};
		B40B8CEB25E69F3800D49EBE /* Debug */ = {
			isa = XCBuildConfiguration;
			buildSettings = {
				ALWAYS_EMBED_SWIFT_STANDARD_LIBRARIES = YES;
				CODE_SIGN_STYLE = Automatic;
				DEVELOPMENT_TEAM = 599QPW35GD;
				INFOPLIST_FILE = AbsenceRecorderUITests/Info.plist;
				LD_RUNPATH_SEARCH_PATHS = (
					"$(inherited)",
					"@executable_path/Frameworks",
					"@loader_path/Frameworks",
				);
				PRODUCT_BUNDLE_IDENTIFIER = com.mrcormell.AbsenceRecorderUITests;
				PRODUCT_NAME = "$(TARGET_NAME)";
				SWIFT_VERSION = 5.0;
				TARGETED_DEVICE_FAMILY = "1,2";
				TEST_TARGET_NAME = AbsenceRecorder;
			};
			name = Debug;
		};
		B40B8CEC25E69F3800D49EBE /* Release */ = {
			isa = XCBuildConfiguration;
			buildSettings = {
				ALWAYS_EMBED_SWIFT_STANDARD_LIBRARIES = YES;
				CODE_SIGN_STYLE = Automatic;
				DEVELOPMENT_TEAM = 599QPW35GD;
				INFOPLIST_FILE = AbsenceRecorderUITests/Info.plist;
				LD_RUNPATH_SEARCH_PATHS = (
					"$(inherited)",
					"@executable_path/Frameworks",
					"@loader_path/Frameworks",
				);
				PRODUCT_BUNDLE_IDENTIFIER = com.mrcormell.AbsenceRecorderUITests;
				PRODUCT_NAME = "$(TARGET_NAME)";
				SWIFT_VERSION = 5.0;
				TARGETED_DEVICE_FAMILY = "1,2";
				TEST_TARGET_NAME = AbsenceRecorder;
			};
			name = Release;
		};
/* End XCBuildConfiguration section */

/* Begin XCConfigurationList section */
		B40B8CBA25E69F3400D49EBE /* Build configuration list for PBXProject "AbsenceRecorder" */ = {
			isa = XCConfigurationList;
			buildConfigurations = (
				B40B8CE225E69F3800D49EBE /* Debug */,
				B40B8CE325E69F3800D49EBE /* Release */,
			);
			defaultConfigurationIsVisible = 0;
			defaultConfigurationName = Release;
		};
		B40B8CE425E69F3800D49EBE /* Build configuration list for PBXNativeTarget "AbsenceRecorder" */ = {
			isa = XCConfigurationList;
			buildConfigurations = (
				B40B8CE525E69F3800D49EBE /* Debug */,
				B40B8CE625E69F3800D49EBE /* Release */,
			);
			defaultConfigurationIsVisible = 0;
			defaultConfigurationName = Release;
		};
		B40B8CE725E69F3800D49EBE /* Build configuration list for PBXNativeTarget "AbsenceRecorderTests" */ = {
			isa = XCConfigurationList;
			buildConfigurations = (
				B40B8CE825E69F3800D49EBE /* Debug */,
				B40B8CE925E69F3800D49EBE /* Release */,
			);
			defaultConfigurationIsVisible = 0;
			defaultConfigurationName = Release;
		};
		B40B8CEA25E69F3800D49EBE /* Build configuration list for PBXNativeTarget "AbsenceRecorderUITests" */ = {
			isa = XCConfigurationList;
			buildConfigurations = (
				B40B8CEB25E69F3800D49EBE /* Debug */,
				B40B8CEC25E69F3800D49EBE /* Release */,
			);
			defaultConfigurationIsVisible = 0;
			defaultConfigurationName = Release;
		};
/* End XCConfigurationList section */
	};
	rootObject = B40B8CB725E69F3400D49EBE /* Project object */;
}
